Microsoft Visual Studio Solution File, Format Version 11.00
# Visual Studio 2008

Project("{BA5AE88B-E107-3D6B-24A5-31EEB683402D}") = "Assign3", "Assembly-CSharp-vs.csproj", "{79AD527D-CFF2-3513-B809-EEC384E2FE4D}"
EndProject
Project("{BA5AE88B-E107-3D6B-24A5-31EEB683402D}") = "Assign3", "Assembly-CSharp-Editor-vs.csproj", "{ADB43F04-714D-507C-F8C2-4AECE682988F}"
EndProject
Global
	GlobalSection(SolutionConfigurationPlatforms) = preSolution
		Debug|Any CPU = Debug|Any CPU
		Release|Any CPU = Release|Any CPU
	EndGlobalSection
	GlobalSection(ProjectConfigurationPlatforms) = postSolution
		{79AD527D-CFF2-3513-B809-EEC384E2FE4D}.Debug|Any CPU.ActiveCfg = Debug|Any CPU
		{79AD527D-CFF2-3513-B809-EEC384E2FE4D}.Debug|Any CPU.Build.0 = Debug|Any CPU
		{79AD527D-CFF2-3513-B809-EEC384E2FE4D}.Release|Any CPU.ActiveCfg = Release|Any CPU
		{79AD527D-CFF2-3513-B809-EEC384E2FE4D}.Release|Any CPU.Build.0 = Release|Any CPU
		{ADB43F04-714D-507C-F8C2-4AECE682988F}.Debug|Any CPU.ActiveCfg = Debug|Any CPU
		{ADB43F04-714D-507C-F8C2-4AECE682988F}.Debug|Any CPU.Build.0 = Debug|Any CPU
		{ADB43F04-714D-507C-F8C2-4AECE682988F}.Release|Any CPU.ActiveCfg = Release|Any CPU
		{ADB43F04-714D-507C-F8C2-4AECE682988F}.Release|Any CPU.Build.0 = Release|Any CPU
	EndGlobalSection
	GlobalSection(SolutionProperties) = preSolution
		HideSolutionNode = FALSE
	EndGlobalSection
																																																														GlobalSection(MonoDevelopProperties) = preSolution
		StartupItem = Assembly-CSharp.csproj
		Policies = $0
		$0.TextStylePolicy = $1
		$1.inheritsSet = null
		$1.scope = text/x-csharp
		$0.CSharpFormattingPolicy = $2
		$2.inheritsSet = Mono
		$2.inheritsScope = text/x-csharp
		$2.scope = text/x-csharp
		$0.TextStylePolicy = $3
		$3.FileWidth = 120
		$3.TabWidth = 4
		$3.EolMarker = Unix
		$3.inheritsSet = Mono
		$3.inheritsScope = text/plain
		$3.scope = text/plain
	EndGlobalSection

EndGlobal
